
Microsoft Visual Studio Solution File, Format Version 12.00
# Visual Studio Version 17
VisualStudioVersion = 17.0.32014.148
MinimumVisualStudioVersion = 10.0.40219.1
Project("{FAE04EC0-301F-11D3-BF4B-00C04F79EFBC}") = "Food_Market", "Food_Market.csproj", "{79D2D4F0-3669-44CF-B326-A28BDDAFE5C7}"
EndProject
Global
	GlobalSection(SolutionConfigurationPlatforms) = preSolution
		Debug|Any CPU = Debug|Any CPU
		Release|Any CPU = Release|Any CPU
	EndGlobalSection
	GlobalSection(ProjectConfigurationPlatforms) = postSolution
		{79D2D4F0-3669-44CF-B326-A28BDDAFE5C7}.Debug|Any CPU.ActiveCfg = Debug|Any CPU
		{79D2D4F0-3669-44CF-B326-A28BDDAFE5C7}.Debug|Any CPU.Build.0 = Debug|Any CPU
		{79D2D4F0-3669-44CF-B326-A28BDDAFE5C7}.Release|Any CPU.ActiveCfg = Release|Any CPU
		{79D2D4F0-3669-44CF-B326-A28BDDAFE5C7}.Release|Any CPU.Build.0 = Release|Any CPU
	EndGlobalSection
	GlobalSection(SolutionProperties) = preSolution
		HideSolutionNode = FALSE
	EndGlobalSection
	GlobalSection(ExtensibilityGlobals) = postSolution
		SolutionGuid = {879AE75E-B636-4C50-ACFD-3B2EAAF76068}
	EndGlobalSection
EndGlobal
